
Microsoft Visual Studio Solution File, Format Version 12.00
# Visual Studio Version 17
VisualStudioVersion = 17.9.34728.123
MinimumVisualStudioVersion = 10.0.40219.1
Project("{9A19103F-16F7-4668-BE54-9A1E7A4F7556}") = "MarcosRosario_Ap1_P1", "MarcosRosario_Ap1_P1.csproj", "{10B697A1-1608-4DC6-BA83-A5DA7B38BD78}"
EndProject
Global
	GlobalSection(SolutionConfigurationPlatforms) = preSolution
		Debug|Any CPU = Debug|Any CPU
		Release|Any CPU = Release|Any CPU
	EndGlobalSection
	GlobalSection(ProjectConfigurationPlatforms) = postSolution
		{10B697A1-1608-4DC6-BA83-A5DA7B38BD78}.Debug|Any CPU.ActiveCfg = Debug|Any CPU
		{10B697A1-1608-4DC6-BA83-A5DA7B38BD78}.Debug|Any CPU.Build.0 = Debug|Any CPU
		{10B697A1-1608-4DC6-BA83-A5DA7B38BD78}.Release|Any CPU.ActiveCfg = Release|Any CPU
		{10B697A1-1608-4DC6-BA83-A5DA7B38BD78}.Release|Any CPU.Build.0 = Release|Any CPU
	EndGlobalSection
	GlobalSection(SolutionProperties) = preSolution
		HideSolutionNode = FALSE
	EndGlobalSection
	GlobalSection(ExtensibilityGlobals) = postSolution
		SolutionGuid = {46B64219-A013-4682-B610-9C7C00147004}
	EndGlobalSection
EndGlobal
